Microsoft Visual Studio Solution File, Format Version 12.00
# Visual Studio Version 18
VisualStudioVersion = 18.6.11723.189
MinimumVisualStudioVersion = 10.0.40219.1
Project("{FAE04EC0-301F-11D3-BF4B-00C04F79EFBC}") = "Goals.Windows", "Goals.Windows.csproj", "{4751F275-8CA3-24B0-588D-6329DDCA328F}"
EndProject
Global
	GlobalSection(SolutionConfigurationPlatforms) = preSolution
		DEV|ARM64 = DEV|ARM64
		DEV|x64 = DEV|x64
		DEV|x86 = DEV|x86
		PROD|ARM64 = PROD|ARM64
		PROD|x64 = PROD|x64
		PROD|x86 = PROD|x86
	EndGlobalSection
	GlobalSection(ProjectConfigurationPlatforms) = postSolution
		{4751F275-8CA3-24B0-588D-6329DDCA328F}.DEV|ARM64.ActiveCfg = DEV|x64
		{4751F275-8CA3-24B0-588D-6329DDCA328F}.DEV|ARM64.Build.0 = DEV|x64
		{4751F275-8CA3-24B0-588D-6329DDCA328F}.DEV|ARM64.Deploy.0 = DEV|x64
		{4751F275-8CA3-24B0-588D-6329DDCA328F}.DEV|x64.ActiveCfg = DEV|x64
		{4751F275-8CA3-24B0-588D-6329DDCA328F}.DEV|x64.Build.0 = DEV|x64
		{4751F275-8CA3-24B0-588D-6329DDCA328F}.DEV|x64.Deploy.0 = DEV|x64
		{4751F275-8CA3-24B0-588D-6329DDCA328F}.DEV|x86.ActiveCfg = DEV|x86
		{4751F275-8CA3-24B0-588D-6329DDCA328F}.DEV|x86.Build.0 = DEV|x86
		{4751F275-8CA3-24B0-588D-6329DDCA328F}.DEV|x86.Deploy.0 = DEV|x86
		{4751F275-8CA3-24B0-588D-6329DDCA328F}.PROD|ARM64.ActiveCfg = PROD|x64
		{4751F275-8CA3-24B0-588D-6329DDCA328F}.PROD|ARM64.Build.0 = PROD|x64
		{4751F275-8CA3-24B0-588D-6329DDCA328F}.PROD|ARM64.Deploy.0 = PROD|x64
		{4751F275-8CA3-24B0-588D-6329DDCA328F}.PROD|x64.ActiveCfg = PROD|x64
		{4751F275-8CA3-24B0-588D-6329DDCA328F}.PROD|x64.Build.0 = PROD|x64
		{4751F275-8CA3-24B0-588D-6329DDCA328F}.PROD|x64.Deploy.0 = PROD|x64
		{4751F275-8CA3-24B0-588D-6329DDCA328F}.PROD|x86.ActiveCfg = PROD|x86
		{4751F275-8CA3-24B0-588D-6329DDCA328F}.PROD|x86.Build.0 = PROD|x86
		{4751F275-8CA3-24B0-588D-6329DDCA328F}.PROD|x86.Deploy.0 = PROD|x86
	EndGlobalSection
	GlobalSection(SolutionProperties) = preSolution
		HideSolutionNode = FALSE
	EndGlobalSection
	GlobalSection(ExtensibilityGlobals) = postSolution
		SolutionGuid = {85FB7B1F-1DD1-4D72-BFDF-B3B1BCF16FFC}
	EndGlobalSection
EndGlobal
